
Microsoft Visual Studio Solution File, Format Version 12.00
# Visual Studio Version 17
VisualStudioVersion = 17.0.32112.339
MinimumVisualStudioVersion = 10.0.40219.1
Project("{8BC9CEB8-8B4A-11D0-8D11-00A0C91BC942}") = "BF_leechiyan", "BF_leechiyan\BF_leechiyan.vcxproj", "{4BBFE6A1-D067-4071-9FCB-35ED4094E122}"
EndProject
Global
	GlobalSection(SolutionConfigurationPlatforms) = preSolution
		Debug|x64 = Debug|x64
		Debug|x86 = Debug|x86
		Release|x64 = Release|x64
		Release|x86 = Release|x86
	EndGlobalSection
	GlobalSection(ProjectConfigurationPlatforms) = postSolution
		{4BBFE6A1-D067-4071-9FCB-35ED4094E122}.Debug|x64.ActiveCfg = Debug|x64
		{4BBFE6A1-D067-4071-9FCB-35ED4094E122}.Debug|x64.Build.0 = Debug|x64
		{4BBFE6A1-D067-4071-9FCB-35ED4094E122}.Debug|x86.ActiveCfg = Debug|Win32
		{4BBFE6A1-D067-4071-9FCB-35ED4094E122}.Debug|x86.Build.0 = Debug|Win32
		{4BBFE6A1-D067-4071-9FCB-35ED4094E122}.Release|x64.ActiveCfg = Release|x64
		{4BBFE6A1-D067-4071-9FCB-35ED4094E122}.Release|x64.Build.0 = Release|x64
		{4BBFE6A1-D067-4071-9FCB-35ED4094E122}.Release|x86.ActiveCfg = Release|Win32
		{4BBFE6A1-D067-4071-9FCB-35ED4094E122}.Release|x86.Build.0 = Release|Win32
	EndGlobalSection
	GlobalSection(SolutionProperties) = preSolution
		HideSolutionNode = FALSE
	EndGlobalSection
	GlobalSection(ExtensibilityGlobals) = postSolution
		SolutionGuid = {D4AC2154-168D-45E6-BF80-59206E3FF698}
	EndGlobalSection
EndGlobal
